
Microsoft Visual Studio Solution File, Format Version 12.00
# Visual Studio Version 16
VisualStudioVersion = 16.0.32510.428
MinimumVisualStudioVersion = 10.0.40219.1
Project("{FAE04EC0-301F-11D3-BF4B-00C04F79EFBC}") = "OOP_Hamburgerci", "OOP_Hamburgerci\OOP_Hamburgerci.csproj", "{78E75C22-7AF1-4180-9873-3A7941DCA495}"
EndProject
Global
	GlobalSection(SolutionConfigurationPlatforms) = preSolution
		Debug|Any CPU = Debug|Any CPU
		Release|Any CPU = Release|Any CPU
	EndGlobalSection
	GlobalSection(ProjectConfigurationPlatforms) = postSolution
		{78E75C22-7AF1-4180-9873-3A7941DCA495}.Debug|Any CPU.ActiveCfg = Debug|Any CPU
		{78E75C22-7AF1-4180-9873-3A7941DCA495}.Debug|Any CPU.Build.0 = Debug|Any CPU
		{78E75C22-7AF1-4180-9873-3A7941DCA495}.Release|Any CPU.ActiveCfg = Release|Any CPU
		{78E75C22-7AF1-4180-9873-3A7941DCA495}.Release|Any CPU.Build.0 = Release|Any CPU
	EndGlobalSection
	GlobalSection(SolutionProperties) = preSolution
		HideSolutionNode = FALSE
	EndGlobalSection
	GlobalSection(ExtensibilityGlobals) = postSolution
		SolutionGuid = {9B36C305-1B32-4F22-B75A-0F5A216BB703}
	EndGlobalSection
EndGlobal
